
Microsoft Visual Studio Solution File, Format Version 12.00
# Visual Studio 14
VisualStudioVersion = 14.0.25420.1
MinimumVisualStudioVersion = 10.0.40219.1
Project("{8BC9CEB8-8B4A-11D0-8D11-00A0C91BC942}") = "hookmsg", "hookmsg\hookmsg.vcxproj", "{7468EE9A-1980-43BD-A786-D7A6ED22E376}"
EndProject
Project("{8BC9CEB8-8B4A-11D0-8D11-00A0C91BC942}") = "hookmsgdll", "hookmsgdll\hookmsgdll.vcxproj", "{A781948A-48C4-4A22-803C-205E647AD4F4}"
EndProject
Project("{8BC9CEB8-8B4A-11D0-8D11-00A0C91BC942}") = "inject", "inject\inject.vcxproj", "{622C447B-F7A2-46EA-BC49-4A05F0439C4B}"
EndProject
Project("{8BC9CEB8-8B4A-11D0-8D11-00A0C91BC942}") = "injectdll", "injectdll\injectdll.vcxproj", "{1884AA43-431A-409B-8C01-373A37BB978F}"
EndProject
Project("{8BC9CEB8-8B4A-11D0-8D11-00A0C91BC942}") = "Eject", "Eject\Eject.vcxproj", "{4800924D-C725-451A-AAB8-C05EC928AFA5}"
EndProject
Project("{8BC9CEB8-8B4A-11D0-8D11-00A0C91BC942}") = "codeinject", "codeinject\codeinject.vcxproj", "{648E57E4-7193-4170-8E0F-CDB6E4CBB2B0}"
EndProject
Project("{8BC9CEB8-8B4A-11D0-8D11-00A0C91BC942}") = "codeinject_sample", "codeinject_sample\codeinject_sample.vcxproj", "{148D30B2-1B86-4738-86C6-CBD8FDEB8F45}"
EndProject
Project("{8BC9CEB8-8B4A-11D0-8D11-00A0C91BC942}") = "apihookdbg", "apihookdbg\apihookdbg.vcxproj", "{E952E6EE-4B21-4FC4-BB45-D3E163A4F329}"
EndProject
Project("{8BC9CEB8-8B4A-11D0-8D11-00A0C91BC942}") = "apihookiatdll", "apihookiatdll\apihookiatdll.vcxproj", "{8612E412-2F16-475E-8B84-8045F818EE26}"
EndProject
Project("{8BC9CEB8-8B4A-11D0-8D11-00A0C91BC942}") = "ProcHide", "ProcHide\ProcHide.vcxproj", "{2CB899C7-7BF7-46A5-8858-E51F45193F23}"
EndProject
Project("{8BC9CEB8-8B4A-11D0-8D11-00A0C91BC942}") = "stealth", "stealth\stealth.vcxproj", "{F7412A71-A5C9-49A1-B577-943622D3759B}"
EndProject
Project("{8BC9CEB8-8B4A-11D0-8D11-00A0C91BC942}") = "stealth2", "stealth2\stealth2.vcxproj", "{B18EFADC-FE0B-4CC0-B47B-7A1149A5ED0D}"
EndProject
Project("{8BC9CEB8-8B4A-11D0-8D11-00A0C91BC942}") = "stealth3", "stealth3\stealth3.vcxproj", "{2C85B9DF-0EAA-4DCD-8EF2-2D6114CF6528}"
EndProject
Project("{8BC9CEB8-8B4A-11D0-8D11-00A0C91BC942}") = "service", "service\service.vcxproj", "{44BECFEE-30E0-4E79-B83F-F4D1AB0FA8E0}"
EndProject
Project("{8BC9CEB8-8B4A-11D0-8D11-00A0C91BC942}") = "selfcreate", "selfcreate\selfcreate.vcxproj", "{2ECCF050-6B0B-48D3-A154-2CF2502E848F}"
EndProject
Project("{8BC9CEB8-8B4A-11D0-8D11-00A0C91BC942}") = "selfcreate2", "selfcreate2\selfcreate2.vcxproj", "{6B76E1C3-6FFE-49C4-BB99-49523B1206E1}"
EndProject
Project("{8BC9CEB8-8B4A-11D0-8D11-00A0C91BC942}") = "peswitch", "peswitch\peswitch.vcxproj", "{54BD63C9-2CC8-4537-AB71-638CFBA48DDD}"
EndProject
Project("{8BC9CEB8-8B4A-11D0-8D11-00A0C91BC942}") = "fake", "fake\fake.vcxproj", "{D17CF75B-B2A3-48C7-B61E-0B57DBB59778}"
EndProject
Project("{8BC9CEB8-8B4A-11D0-8D11-00A0C91BC942}") = "real", "real\real.vcxproj", "{45B1486A-0F10-4B5E-BF4E-E357D1ECB2AA}"
EndProject
Project("{8BC9CEB8-8B4A-11D0-8D11-00A0C91BC942}") = "dbgblocker", "dbgblocker\dbgblocker.vcxproj", "{745E0F82-F0D6-4AA9-AEC3-8C1A2782C5C8}"
EndProject
Global
	GlobalSection(SolutionConfigurationPlatforms) = preSolution
		Debug|x64 = Debug|x64
		Debug|x86 = Debug|x86
		Release|x64 = Release|x64
		Release|x86 = Release|x86
	EndGlobalSection
	GlobalSection(ProjectConfigurationPlatforms) = postSolution
		{7468EE9A-1980-43BD-A786-D7A6ED22E376}.Debug|x64.ActiveCfg = Debug|x64
		{7468EE9A-1980-43BD-A786-D7A6ED22E376}.Debug|x64.Build.0 = Debug|x64
		{7468EE9A-1980-43BD-A786-D7A6ED22E376}.Debug|x86.ActiveCfg = Debug|Win32
		{7468EE9A-1980-43BD-A786-D7A6ED22E376}.Debug|x86.Build.0 = Debug|Win32
		{7468EE9A-1980-43BD-A786-D7A6ED22E376}.Release|x64.ActiveCfg = Release|x64
		{7468EE9A-1980-43BD-A786-D7A6ED22E376}.Release|x64.Build.0 = Release|x64
		{7468EE9A-1980-43BD-A786-D7A6ED22E376}.Release|x86.ActiveCfg = Release|Win32
		{7468EE9A-1980-43BD-A786-D7A6ED22E376}.Release|x86.Build.0 = Release|Win32
		{A781948A-48C4-4A22-803C-205E647AD4F4}.Debug|x64.ActiveCfg = Debug|x64
		{A781948A-48C4-4A22-803C-205E647AD4F4}.Debug|x64.Build.0 = Debug|x64
		{A781948A-48C4-4A22-803C-205E647AD4F4}.Debug|x86.ActiveCfg = Debug|Win32
		{A781948A-48C4-4A22-803C-205E647AD4F4}.Debug|x86.Build.0 = Debug|Win32
		{A781948A-48C4-4A22-803C-205E647AD4F4}.Release|x64.ActiveCfg = Release|x64
		{A781948A-48C4-4A22-803C-205E647AD4F4}.Release|x64.Build.0 = Release|x64
		{A781948A-48C4-4A22-803C-205E647AD4F4}.Release|x86.ActiveCfg = Release|Win32
		{A781948A-48C4-4A22-803C-205E647AD4F4}.Release|x86.Build.0 = Release|Win32
		{622C447B-F7A2-46EA-BC49-4A05F0439C4B}.Debug|x64.ActiveCfg = Debug|x64
		{622C447B-F7A2-46EA-BC49-4A05F0439C4B}.Debug|x64.Build.0 = Debug|x64
		{622C447B-F7A2-46EA-BC49-4A05F0439C4B}.Debug|x86.ActiveCfg = Debug|Win32
		{622C447B-F7A2-46EA-BC49-4A05F0439C4B}.Debug|x86.Build.0 = Debug|Win32
		{622C447B-F7A2-46EA-BC49-4A05F0439C4B}.Release|x64.ActiveCfg = Release|x64
		{622C447B-F7A2-46EA-BC49-4A05F0439C4B}.Release|x64.Build.0 = Release|x64
		{622C447B-F7A2-46EA-BC49-4A05F0439C4B}.Release|x86.ActiveCfg = Release|Win32
		{622C447B-F7A2-46EA-BC49-4A05F0439C4B}.Release|x86.Build.0 = Release|Win32
		{1884AA43-431A-409B-8C01-373A37BB978F}.Debug|x64.ActiveCfg = Debug|x64
		{1884AA43-431A-409B-8C01-373A37BB978F}.Debug|x64.Build.0 = Debug|x64
		{1884AA43-431A-409B-8C01-373A37BB978F}.Debug|x86.ActiveCfg = Debug|Win32
		{1884AA43-431A-409B-8C01-373A37BB978F}.Debug|x86.Build.0 = Debug|Win32
		{1884AA43-431A-409B-8C01-373A37BB978F}.Release|x64.ActiveCfg = Release|x64
		{1884AA43-431A-409B-8C01-373A37BB978F}.Release|x64.Build.0 = Release|x64
		{1884AA43-431A-409B-8C01-373A37BB978F}.Release|x86.ActiveCfg = Release|Win32
		{1884AA43-431A-409B-8C01-373A37BB978F}.Release|x86.Build.0 = Release|Win32
		{4800924D-C725-451A-AAB8-C05EC928AFA5}.Debug|x64.ActiveCfg = Debug|x64
		{4800924D-C725-451A-AAB8-C05EC928AFA5}.Debug|x64.Build.0 = Debug|x64
		{4800924D-C725-451A-AAB8-C05EC928AFA5}.Debug|x86.ActiveCfg = Debug|Win32
		{4800924D-C725-451A-AAB8-C05EC928AFA5}.Debug|x86.Build.0 = Debug|Win32
		{4800924D-C725-451A-AAB8-C05EC928AFA5}.Release|x64.ActiveCfg = Release|x64
		{4800924D-C725-451A-AAB8-C05EC928AFA5}.Release|x64.Build.0 = Release|x64
		{4800924D-C725-451A-AAB8-C05EC928AFA5}.Release|x86.ActiveCfg = Release|Win32
		{4800924D-C725-451A-AAB8-C05EC928AFA5}.Release|x86.Build.0 = Release|Win32
		{648E57E4-7193-4170-8E0F-CDB6E4CBB2B0}.Debug|x64.ActiveCfg = Debug|x64
		{648E57E4-7193-4170-8E0F-CDB6E4CBB2B0}.Debug|x64.Build.0 = Debug|x64
		{648E57E4-7193-4170-8E0F-CDB6E4CBB2B0}.Debug|x86.ActiveCfg = Debug|Win32
		{648E57E4-7193-4170-8E0F-CDB6E4CBB2B0}.Debug|x86.Build.0 = Debug|Win32
		{648E57E4-7193-4170-8E0F-CDB6E4CBB2B0}.Release|x64.ActiveCfg = Release|x64
		{648E57E4-7193-4170-8E0F-CDB6E4CBB2B0}.Release|x64.Build.0 = Release|x64
		{648E57E4-7193-4170-8E0F-CDB6E4CBB2B0}.Release|x86.ActiveCfg = Release|Win32
		{648E57E4-7193-4170-8E0F-CDB6E4CBB2B0}.Release|x86.Build.0 = Release|Win32
		{148D30B2-1B86-4738-86C6-CBD8FDEB8F45}.Debug|x64.ActiveCfg = Debug|x64
		{148D30B2-1B86-4738-86C6-CBD8FDEB8F45}.Debug|x64.Build.0 = Debug|x64
		{148D30B2-1B86-4738-86C6-CBD8FDEB8F45}.Debug|x86.ActiveCfg = Debug|Win32
		{148D30B2-1B86-4738-86C6-CBD8FDEB8F45}.Debug|x86.Build.0 = Debug|Win32
		{148D30B2-1B86-4738-86C6-CBD8FDEB8F45}.Release|x64.ActiveCfg = Release|x64
		{148D30B2-1B86-4738-86C6-CBD8FDEB8F45}.Release|x64.Build.0 = Release|x64
		{148D30B2-1B86-4738-86C6-CBD8FDEB8F45}.Release|x86.ActiveCfg = Release|Win32
		{148D30B2-1B86-4738-86C6-CBD8FDEB8F45}.Release|x86.Build.0 = Release|Win32
		{E952E6EE-4B21-4FC4-BB45-D3E163A4F329}.Debug|x64.ActiveCfg = Debug|x64
		{E952E6EE-4B21-4FC4-BB45-D3E163A4F329}.Debug|x64.Build.0 = Debug|x64
		{E952E6EE-4B21-4FC4-BB45-D3E163A4F329}.Debug|x86.ActiveCfg = Debug|Win32
		{E952E6EE-4B21-4FC4-BB45-D3E163A4F329}.Debug|x86.Build.0 = Debug|Win32
		{E952E6EE-4B21-4FC4-BB45-D3E163A4F329}.Release|x64.ActiveCfg = Release|x64
		{E952E6EE-4B21-4FC4-BB45-D3E163A4F329}.Release|x64.Build.0 = Release|x64
		{E952E6EE-4B21-4FC4-BB45-D3E163A4F329}.Release|x86.ActiveCfg = Release|Win32
		{E952E6EE-4B21-4FC4-BB45-D3E163A4F329}.Release|x86.Build.0 = Release|Win32
		{8612E412-2F16-475E-8B84-8045F818EE26}.Debug|x64.ActiveCfg = Debug|x64
		{8612E412-2F16-475E-8B84-8045F818EE26}.Debug|x64.Build.0 = Debug|x64
		{8612E412-2F16-475E-8B84-8045F818EE26}.Debug|x86.ActiveCfg = Debug|Win32
		{8612E412-2F16-475E-8B84-8045F818EE26}.Debug|x86.Build.0 = Debug|Win32
		{8612E412-2F16-475E-8B84-8045F818EE26}.Release|x64.ActiveCfg = Release|x64
		{8612E412-2F16-475E-8B84-8045F818EE26}.Release|x64.Build.0 = Release|x64
		{8612E412-2F16-475E-8B84-8045F818EE26}.Release|x86.ActiveCfg = Release|Win32
		{8612E412-2F16-475E-8B84-8045F818EE26}.Release|x86.Build.0 = Release|Win32
		{2CB899C7-7BF7-46A5-8858-E51F45193F23}.Debug|x64.ActiveCfg = Debug|x64
		{2CB899C7-7BF7-46A5-8858-E51F45193F23}.Debug|x64.Build.0 = Debug|x64
		{2CB899C7-7BF7-46A5-8858-E51F45193F23}.Debug|x86.ActiveCfg = Debug|Win32
		{2CB899C7-7BF7-46A5-8858-E51F45193F23}.Debug|x86.Build.0 = Debug|Win32
		{2CB899C7-7BF7-46A5-8858-E51F45193F23}.Release|x64.ActiveCfg = Release|x64
		{2CB899C7-7BF7-46A5-8858-E51F45193F23}.Release|x64.Build.0 = Release|x64
		{2CB899C7-7BF7-46A5-8858-E51F45193F23}.Release|x86.ActiveCfg = Release|Win32
		{2CB899C7-7BF7-46A5-8858-E51F45193F23}.Release|x86.Build.0 = Release|Win32
		{F7412A71-A5C9-49A1-B577-943622D3759B}.Debug|x64.ActiveCfg = Debug|x64
		{F7412A71-A5C9-49A1-B577-943622D3759B}.Debug|x64.Build.0 = Debug|x64
		{F7412A71-A5C9-49A1-B577-943622D3759B}.Debug|x86.ActiveCfg = Debug|Win32
		{F7412A71-A5C9-49A1-B577-943622D3759B}.Debug|x86.Build.0 = Debug|Win32
		{F7412A71-A5C9-49A1-B577-943622D3759B}.Release|x64.ActiveCfg = Release|x64
		{F7412A71-A5C9-49A1-B577-943622D3759B}.Release|x64.Build.0 = Release|x64
		{F7412A71-A5C9-49A1-B577-943622D3759B}.Release|x86.ActiveCfg = Release|Win32
		{F7412A71-A5C9-49A1-B577-943622D3759B}.Release|x86.Build.0 = Release|Win32
		{B18EFADC-FE0B-4CC0-B47B-7A1149A5ED0D}.Debug|x64.ActiveCfg = Debug|x64
		{B18EFADC-FE0B-4CC0-B47B-7A1149A5ED0D}.Debug|x64.Build.0 = Debug|x64
		{B18EFADC-FE0B-4CC0-B47B-7A1149A5ED0D}.Debug|x86.ActiveCfg = Debug|Win32
		{B18EFADC-FE0B-4CC0-B47B-7A1149A5ED0D}.Debug|x86.Build.0 = Debug|Win32
		{B18EFADC-FE0B-4CC0-B47B-7A1149A5ED0D}.Release|x64.ActiveCfg = Release|x64
		{B18EFADC-FE0B-4CC0-B47B-7A1149A5ED0D}.Release|x64.Build.0 = Release|x64
		{B18EFADC-FE0B-4CC0-B47B-7A1149A5ED0D}.Release|x86.ActiveCfg = Release|Win32
		{B18EFADC-FE0B-4CC0-B47B-7A1149A5ED0D}.Release|x86.Build.0 = Release|Win32
		{2C85B9DF-0EAA-4DCD-8EF2-2D6114CF6528}.Debug|x64.ActiveCfg = Debug|x64
		{2C85B9DF-0EAA-4DCD-8EF2-2D6114CF6528}.Debug|x64.Build.0 = Debug|x64
		{2C85B9DF-0EAA-4DCD-8EF2-2D6114CF6528}.Debug|x86.ActiveCfg = Debug|Win32
		{2C85B9DF-0EAA-4DCD-8EF2-2D6114CF6528}.Debug|x86.Build.0 = Debug|Win32
		{2C85B9DF-0EAA-4DCD-8EF2-2D6114CF6528}.Release|x64.ActiveCfg = Release|x64
		{2C85B9DF-0EAA-4DCD-8EF2-2D6114CF6528}.Release|x64.Build.0 = Release|x64
		{2C85B9DF-0EAA-4DCD-8EF2-2D6114CF6528}.Release|x86.ActiveCfg = Release|Win32
		{2C85B9DF-0EAA-4DCD-8EF2-2D6114CF6528}.Release|x86.Build.0 = Release|Win32
		{44BECFEE-30E0-4E79-B83F-F4D1AB0FA8E0}.Debug|x64.ActiveCfg = Debug|Win32
		{44BECFEE-30E0-4E79-B83F-F4D1AB0FA8E0}.Debug|x64.Build.0 = Debug|Win32
		{44BECFEE-30E0-4E79-B83F-F4D1AB0FA8E0}.Debug|x86.ActiveCfg = Debug|Win32
		{44BECFEE-30E0-4E79-B83F-F4D1AB0FA8E0}.Debug|x86.Build.0 = Debug|Win32
		{44BECFEE-30E0-4E79-B83F-F4D1AB0FA8E0}.Release|x64.ActiveCfg = Release|x64
		{44BECFEE-30E0-4E79-B83F-F4D1AB0FA8E0}.Release|x64.Build.0 = Release|x64
		{44BECFEE-30E0-4E79-B83F-F4D1AB0FA8E0}.Release|x86.ActiveCfg = Release|Win32
		{44BECFEE-30E0-4E79-B83F-F4D1AB0FA8E0}.Release|x86.Build.0 = Release|Win32
		{2ECCF050-6B0B-48D3-A154-2CF2502E848F}.Debug|x64.ActiveCfg = Debug|x64
		{2ECCF050-6B0B-48D3-A154-2CF2502E848F}.Debug|x64.Build.0 = Debug|x64
		{2ECCF050-6B0B-48D3-A154-2CF2502E848F}.Debug|x86.ActiveCfg = Debug|Win32
		{2ECCF050-6B0B-48D3-A154-2CF2502E848F}.Debug|x86.Build.0 = Debug|Win32
		{2ECCF050-6B0B-48D3-A154-2CF2502E848F}.Release|x64.ActiveCfg = Release|x64
		{2ECCF050-6B0B-48D3-A154-2CF2502E848F}.Release|x64.Build.0 = Release|x64
		{2ECCF050-6B0B-48D3-A154-2CF2502E848F}.Release|x86.ActiveCfg = Release|Win32
		{2ECCF050-6B0B-48D3-A154-2CF2502E848F}.Release|x86.Build.0 = Release|Win32
		{6B76E1C3-6FFE-49C4-BB99-49523B1206E1}.Debug|x64.ActiveCfg = Debug|x64
		{6B76E1C3-6FFE-49C4-BB99-49523B1206E1}.Debug|x64.Build.0 = Debug|x64
		{6B76E1C3-6FFE-49C4-BB99-49523B1206E1}.Debug|x86.ActiveCfg = Debug|Win32
		{6B76E1C3-6FFE-49C4-BB99-49523B1206E1}.Debug|x86.Build.0 = Debug|Win32
		{6B76E1C3-6FFE-49C4-BB99-49523B1206E1}.Release|x64.ActiveCfg = Release|x64
		{6B76E1C3-6FFE-49C4-BB99-49523B1206E1}.Release|x64.Build.0 = Release|x64
		{6B76E1C3-6FFE-49C4-BB99-49523B1206E1}.Release|x86.ActiveCfg = Release|Win32
		{6B76E1C3-6FFE-49C4-BB99-49523B1206E1}.Release|x86.Build.0 = Release|Win32
		{54BD63C9-2CC8-4537-AB71-638CFBA48DDD}.Debug|x64.ActiveCfg = Debug|x64
		{54BD63C9-2CC8-4537-AB71-638CFBA48DDD}.Debug|x64.Build.0 = Debug|x64
		{54BD63C9-2CC8-4537-AB71-638CFBA48DDD}.Debug|x86.ActiveCfg = Debug|Win32
		{54BD63C9-2CC8-4537-AB71-638CFBA48DDD}.Debug|x86.Build.0 = Debug|Win32
		{54BD63C9-2CC8-4537-AB71-638CFBA48DDD}.Release|x64.ActiveCfg = Release|x64
		{54BD63C9-2CC8-4537-AB71-638CFBA48DDD}.Release|x64.Build.0 = Release|x64
		{54BD63C9-2CC8-4537-AB71-638CFBA48DDD}.Release|x86.ActiveCfg = Release|Win32
		{54BD63C9-2CC8-4537-AB71-638CFBA48DDD}.Release|x86.Build.0 = Release|Win32
		{D17CF75B-B2A3-48C7-B61E-0B57DBB59778}.Debug|x64.ActiveCfg = Debug|x64
		{D17CF75B-B2A3-48C7-B61E-0B57DBB59778}.Debug|x64.Build.0 = Debug|x64
		{D17CF75B-B2A3-48C7-B61E-0B57DBB59778}.Debug|x86.ActiveCfg = Debug|Win32
		{D17CF75B-B2A3-48C7-B61E-0B57DBB59778}.Debug|x86.Build.0 = Debug|Win32
		{D17CF75B-B2A3-48C7-B61E-0B57DBB59778}.Release|x64.ActiveCfg = Release|x64
		{D17CF75B-B2A3-48C7-B61E-0B57DBB59778}.Release|x64.Build.0 = Release|x64
		{D17CF75B-B2A3-48C7-B61E-0B57DBB59778}.Release|x86.ActiveCfg = Release|Win32
		{D17CF75B-B2A3-48C7-B61E-0B57DBB59778}.Release|x86.Build.0 = Release|Win32
		{45B1486A-0F10-4B5E-BF4E-E357D1ECB2AA}.Debug|x64.ActiveCfg = Debug|x64
		{45B1486A-0F10-4B5E-BF4E-E357D1ECB2AA}.Debug|x64.Build.0 = Debug|x64
		{45B1486A-0F10-4B5E-BF4E-E357D1ECB2AA}.Debug|x86.ActiveCfg = Debug|Win32
		{45B1486A-0F10-4B5E-BF4E-E357D1ECB2AA}.Debug|x86.Build.0 = Debug|Win32
		{45B1486A-0F10-4B5E-BF4E-E357D1ECB2AA}.Release|x64.ActiveCfg = Release|x64
		{45B1486A-0F10-4B5E-BF4E-E357D1ECB2AA}.Release|x64.Build.0 = Release|x64
		{45B1486A-0F10-4B5E-BF4E-E357D1ECB2AA}.Release|x86.ActiveCfg = Release|Win32
		{45B1486A-0F10-4B5E-BF4E-E357D1ECB2AA}.Release|x86.Build.0 = Release|Win32
		{745E0F82-F0D6-4AA9-AEC3-8C1A2782C5C8}.Debug|x64.ActiveCfg = Debug|x64
		{745E0F82-F0D6-4AA9-AEC3-8C1A2782C5C8}.Debug|x64.Build.0 = Debug|x64
		{745E0F82-F0D6-4AA9-AEC3-8C1A2782C5C8}.Debug|x86.ActiveCfg = Debug|Win32
		{745E0F82-F0D6-4AA9-AEC3-8C1A2782C5C8}.Debug|x86.Build.0 = Debug|Win32
		{745E0F82-F0D6-4AA9-AEC3-8C1A2782C5C8}.Release|x64.ActiveCfg = Release|x64
		{745E0F82-F0D6-4AA9-AEC3-8C1A2782C5C8}.Release|x64.Build.0 = Release|x64
		{745E0F82-F0D6-4AA9-AEC3-8C1A2782C5C8}.Release|x86.ActiveCfg = Release|Win32
		{745E0F82-F0D6-4AA9-AEC3-8C1A2782C5C8}.Release|x86.Build.0 = Release|Win32
	EndGlobalSection
	GlobalSection(SolutionProperties) = preSolution
		HideSolutionNode = FALSE
	EndGlobalSection
EndGlobal
